{
  "requires": true,
  "lockfileVersion": 1,
  "dependencies": {
    "three": {
      "version": "0.103.0",
      "resolved": "https://registry.npmjs.org/three/-/three-0.103.0.tgz",
      "integrity": "sha512-4WKRHTMt96sp+lX+Hx/eHtN9CWFyejDqr1ikgxZUJIkKEHVglSE7FY8n81NC6yWXqVSjUIQQppaxsoUe26Zi9g=="
    },
    "velocity-animate": {
      "version": "2.0.5",
      "resolved": "https://registry.npmjs.org/velocity-animate/-/velocity-animate-2.0.5.tgz",
      "integrity": "sha512-kYdkWu+m9PIwWVJpvNqhzpwinNIb5e6t6vj7j1x2CFwf5UoIE9WU+fBC7v95wXTbc9tPsDv3Ltrh44yP2cyiGg=="
    }
  }
}
